<?xml version="1.0" encoding="utf-8"?>
<Project ToolsVersion="4.0" xmlns="http://schemas.microsoft.com/developer/msbuild/2003">
  <ItemGroup>
    <Filter Include="Source Files">
      <UniqueIdentifier>{4FC737F1-C7A5-4376-A066-2A32D752A2FF}</UniqueIdentifier>
      <Extensions>cpp;c;cc;cxx;def;odl;idl;hpj;bat;asm;asmx</Extensions>
    </Filter>
    <Filter Include="Header Files">
      <UniqueIdentifier>{93995380-89BD-4b04-88EB-625FBE52EBFB}</UniqueIdentifier>
      <Extensions>h;hh;hpp;hxx;hm;inl;inc;xsd</Extensions>
    </Filter>
    <Filter Include="Resource Files">
      <UniqueIdentifier>{67DA6AB6-F800-4c08-8B7A-83BB121AAD01}</UniqueIdentifier>
      <Extensions>rc;ico;cur;bmp;dlg;rc2;rct;bin;rgs;gif;jpg;jpeg;jpe;resx;tiff;tif;png;wav;mfcribbon-ms</Extensions>
    </Filter>
    <Filter Include="Source Files\Demos">
      <UniqueIdentifier>{97274669-c12c-4328-a7e3-3cba436069c6}</UniqueIdentifier>
    </Filter>
    <Filter Include="Header Files\LITS">
      <UniqueIdentifier>{a58f0640-854d-4ae4-83e4-2a7b205e8518}</UniqueIdentifier>
    </Filter>
    <Filter Include="Source Files\LITS">
      <UniqueIdentifier>{71bd5808-a6b2-4def-b2b3-5fbde0062dc9}</UniqueIdentifier>
    </Filter>
    <Filter Include="Source Files\Demos\LITS Demos">
      <UniqueIdentifier>{b5e6faf0-eb74-4f57-b85e-55d2fc985d4d}</UniqueIdentifier>
    </Filter>
  </ItemGroup>
  <ItemGroup>
    <ClInclude Include="D3DUtil.h">
      <Filter>Header Files</Filter>
    </ClInclude>
    <ClInclude Include="GameTimer.h">
      <Filter>Header Files</Filter>
    </ClInclude>
    <ClInclude Include="Logfile.h">
      <Filter>Header Files</Filter>
    </ClInclude>
    <ClInclude Include="Engine.h">
      <Filter>Header Files</Filter>
    </ClInclude>
    <ClInclude Include="Vertex.h">
      <Filter>Header Files</Filter>
    </ClInclude>
    <ClInclude Include="Effect.h">
      <Filter>Header Files</Filter>
    </ClInclude>
    <ClInclude Include="TextureMgr.h">
      <Filter>Header Files</Filter>
    </ClInclude>
    <ClInclude Include="Input.h">
      <Filter>Header Files</Filter>
    </ClInclude>
    <ClInclude Include="XBoxPad.h">
      <Filter>Header Files</Filter>
    </ClInclude>
    <ClInclude Include="Event.h">
      <Filter>Header Files</Filter>
    </ClInclude>
    <ClInclude Include="SoundLayer.h">
      <Filter>Header Files</Filter>
    </ClInclude>
    <ClInclude Include="Sound.h">
      <Filter>Header Files</Filter>
    </ClInclude>
    <ClInclude Include="AudioMgr.h">
      <Filter>Header Files</Filter>
    </ClInclude>
    <ClInclude Include="Sprite.h">
      <Filter>Header Files</Filter>
    </ClInclude>
    <ClInclude Include="Font.h">
      <Filter>Header Files</Filter>
    </ClInclude>
    <ClInclude Include="GeometryGenerator.h">
      <Filter>Header Files</Filter>
    </ClInclude>
    <ClInclude Include="PrimitiveInstance.h">
      <Filter>Header Files</Filter>
    </ClInclude>
    <ClInclude Include="Camera.h">
      <Filter>Header Files</Filter>
    </ClInclude>
    <ClInclude Include="EAngle.h">
      <Filter>Header Files</Filter>
    </ClInclude>
    <ClInclude Include="Entity.h">
      <Filter>Header Files</Filter>
    </ClInclude>
    <ClInclude Include="LightHelper.h">
      <Filter>Header Files</Filter>
    </ClInclude>
    <ClInclude Include="Sky.h">
      <Filter>Header Files</Filter>
    </ClInclude>
    <ClInclude Include="BillboardSprite.h">
      <Filter>Header Files</Filter>
    </ClInclude>
    <ClInclude Include="ParticleEmitter.h">
      <Filter>Header Files</Filter>
    </ClInclude>
    <ClInclude Include="MeshGeometry.h">
      <Filter>Header Files</Filter>
    </ClInclude>
    <ClInclude Include="BasicModel.h">
      <Filter>Header Files</Filter>
    </ClInclude>
    <ClInclude Include="SkinnedModel.h">
      <Filter>Header Files</Filter>
    </ClInclude>
    <ClInclude Include="CharacterClass.h">
      <Filter>Header Files\LITS</Filter>
    </ClInclude>
    <ClInclude Include="LITSConst.h">
      <Filter>Header Files\LITS</Filter>
    </ClInclude>
    <ClInclude Include="Team.h">
      <Filter>Header Files\LITS</Filter>
    </ClInclude>
    <ClInclude Include="LITSMap.h">
      <Filter>Header Files\LITS</Filter>
    </ClInclude>
    <ClInclude Include="MapBlock.h">
      <Filter>Header Files\LITS</Filter>
    </ClInclude>
    <ClInclude Include="Line.h">
      <Filter>Header Files</Filter>
    </ClInclude>
    <ClInclude Include="Beacon.h">
      <Filter>Header Files\LITS</Filter>
    </ClInclude>
    <ClInclude Include="WeaponLine.h">
      <Filter>Header Files\LITS</Filter>
    </ClInclude>
    <ClInclude Include="WeaponMesh.h">
      <Filter>Header Files</Filter>
    </ClInclude>
    <ClInclude Include="Abilites.h">
      <Filter>Header Files\LITS</Filter>
    </ClInclude>
  </ItemGroup>
  <ItemGroup>
    <ClCompile Include="GameTimer.cpp">
      <Filter>Source Files</Filter>
    </ClCompile>
    <ClCompile Include="Logfile.cpp">
      <Filter>Source Files</Filter>
    </ClCompile>
    <ClCompile Include="Engine.cpp">
      <Filter>Source Files</Filter>
    </ClCompile>
    <ClCompile Include="DemoTemplate.cpp">
      <Filter>Source Files\Demos</Filter>
    </ClCompile>
    <ClCompile Include="InitDemo.cpp">
      <Filter>Source Files\Demos</Filter>
    </ClCompile>
    <ClCompile Include="Vertex.cpp">
      <Filter>Source Files</Filter>
    </ClCompile>
    <ClCompile Include="Effect.cpp">
      <Filter>Source Files</Filter>
    </ClCompile>
    <ClCompile Include="TextureMgr.cpp">
      <Filter>Source Files</Filter>
    </ClCompile>
    <ClCompile Include="InitSpriteDemo.cpp">
      <Filter>Source Files\Demos</Filter>
    </ClCompile>
    <ClCompile Include="Input.cpp">
      <Filter>Source Files</Filter>
    </ClCompile>
    <ClCompile Include="XBoxPad.cpp">
      <Filter>Source Files</Filter>
    </ClCompile>
    <ClCompile Include="Event.cpp">
      <Filter>Source Files</Filter>
    </ClCompile>
    <ClCompile Include="InputAndEventsDemo.cpp">
      <Filter>Source Files\Demos</Filter>
    </ClCompile>
    <ClCompile Include="WavRead.cpp">
      <Filter>Source Files</Filter>
    </ClCompile>
    <ClCompile Include="SoundLayer.cpp">
      <Filter>Source Files</Filter>
    </ClCompile>
    <ClCompile Include="Sound.cpp">
      <Filter>Source Files</Filter>
    </ClCompile>
    <ClCompile Include="AudioMgr.cpp">
      <Filter>Source Files</Filter>
    </ClCompile>
    <ClCompile Include="AudioDemo.cpp">
      <Filter>Source Files\Demos</Filter>
    </ClCompile>
    <ClCompile Include="Sprite.cpp">
      <Filter>Source Files</Filter>
    </ClCompile>
    <ClCompile Include="AnimSpriteDemo.cpp">
      <Filter>Source Files\Demos</Filter>
    </ClCompile>
    <ClCompile Include="Font.cpp">
      <Filter>Source Files</Filter>
    </ClCompile>
    <ClCompile Include="FontDemo.cpp">
      <Filter>Source Files\Demos</Filter>
    </ClCompile>
    <ClCompile Include="GeometryGenerator.cpp">
      <Filter>Source Files</Filter>
    </ClCompile>
    <ClCompile Include="PrimitiveInstance.cpp">
      <Filter>Source Files</Filter>
    </ClCompile>
    <ClCompile Include="ShapesDemo.cpp">
      <Filter>Source Files\Demos</Filter>
    </ClCompile>
    <ClCompile Include="Camera.cpp">
      <Filter>Source Files</Filter>
    </ClCompile>
    <ClCompile Include="EAngle.cpp">
      <Filter>Source Files</Filter>
    </ClCompile>
    <ClCompile Include="CameraDemo.cpp">
      <Filter>Source Files\Demos</Filter>
    </ClCompile>
    <ClCompile Include="TextureDemo.cpp">
      <Filter>Source Files\Demos</Filter>
    </ClCompile>
    <ClCompile Include="Entity.cpp">
      <Filter>Source Files</Filter>
    </ClCompile>
    <ClCompile Include="FPSDemo.cpp">
      <Filter>Source Files\Demos</Filter>
    </ClCompile>
    <ClCompile Include="DirectionalLightDemo.cpp">
      <Filter>Source Files\Demos</Filter>
    </ClCompile>
    <ClCompile Include="PointLightDemo.cpp">
      <Filter>Source Files\Demos</Filter>
    </ClCompile>
    <ClCompile Include="NormlaMapDemo.cpp">
      <Filter>Source Files\Demos</Filter>
    </ClCompile>
    <ClCompile Include="SpotLightDemo.cpp">
      <Filter>Source Files\Demos</Filter>
    </ClCompile>
    <ClCompile Include="Sky.cpp">
      <Filter>Source Files</Filter>
    </ClCompile>
    <ClCompile Include="SkyBoxDemo.cpp">
      <Filter>Source Files\Demos</Filter>
    </ClCompile>
    <ClCompile Include="BillboardSprite.cpp">
      <Filter>Source Files</Filter>
    </ClCompile>
    <ClCompile Include="BillboardSpriteDemo.cpp">
      <Filter>Source Files\Demos</Filter>
    </ClCompile>
    <ClCompile Include="ParticleEmitter.cpp">
      <Filter>Source Files</Filter>
    </ClCompile>
    <ClCompile Include="ParticleDemo.cpp">
      <Filter>Source Files\Demos</Filter>
    </ClCompile>
    <ClCompile Include="MeshGeometry.cpp">
      <Filter>Source Files</Filter>
    </ClCompile>
    <ClCompile Include="BasicModel.cpp">
      <Filter>Source Files</Filter>
    </ClCompile>
    <ClCompile Include="StaticMeshDemo.cpp">
      <Filter>Source Files\Demos</Filter>
    </ClCompile>
    <ClCompile Include="SkinnedModel.cpp">
      <Filter>Source Files</Filter>
    </ClCompile>
    <ClCompile Include="AnimatedMeshDemo.cpp">
      <Filter>Source Files\Demos</Filter>
    </ClCompile>
    <ClCompile Include="Team.cpp">
      <Filter>Source Files\LITS</Filter>
    </ClCompile>
    <ClCompile Include="CharacterClass.cpp">
      <Filter>Source Files\LITS</Filter>
    </ClCompile>
    <ClCompile Include="LITS1Stats.cpp">
      <Filter>Source Files\Demos\LITS Demos</Filter>
    </ClCompile>
    <ClCompile Include="BLITSTemplate.cpp">
      <Filter>Source Files\Demos\LITS Demos</Filter>
    </ClCompile>
    <ClCompile Include="MapBlock.cpp">
      <Filter>Source Files\LITS</Filter>
    </ClCompile>
    <ClCompile Include="LITSMap.cpp">
      <Filter>Source Files\LITS</Filter>
    </ClCompile>
    <ClCompile Include="LITS2Map.cpp">
      <Filter>Source Files\Demos\LITS Demos</Filter>
    </ClCompile>
    <ClCompile Include="LITSUI3.cpp">
      <Filter>Source Files\Demos\LITS Demos</Filter>
    </ClCompile>
    <ClCompile Include="Line.cpp">
      <Filter>Source Files</Filter>
    </ClCompile>
    <ClCompile Include="LITS4Movment.cpp">
      <Filter>Source Files\Demos\LITS Demos</Filter>
    </ClCompile>
    <ClCompile Include="LTIS5Actions.cpp">
      <Filter>Source Files\Demos\LITS Demos</Filter>
    </ClCompile>
    <ClCompile Include="Beacon.cpp">
      <Filter>Source Files\LITS</Filter>
    </ClCompile>
    <ClCompile Include="LITSDemoWep.cpp">
      <Filter>Source Files\Demos\LITS Demos</Filter>
    </ClCompile>
    <ClCompile Include="WeaponLine.cpp">
      <Filter>Source Files\Demos\LITS Demos</Filter>
    </ClCompile>
    <ClCompile Include="WeaponMesh.cpp">
      <Filter>Source Files\LITS</Filter>
    </ClCompile>
    <ClCompile Include="LITSAIDemocpp.cpp">
      <Filter>Source Files\Demos\LITS Demos</Filter>
    </ClCompile>
    <ClCompile Include="Abilites.cpp">
      <Filter>Source Files\LITS</Filter>
    </ClCompile>
  </ItemGroup>
</Project>